
Microsoft Visual Studio Solution File, Format Version 12.00
# Visual Studio 15
VisualStudioVersion = 15.0.27004.2010
MinimumVisualStudioVersion = 10.0.40219.1
Project("{9A19103F-16F7-4668-BE54-9A1E7A4F7556}") = "Paddys.SupermarketCheckout.Services", "Paddys.SupermarketCheckout.Services\Paddys.SupermarketCheckout.Services.csproj", "{E4FFB40E-B8BC-4575-9679-AE8A19F20EA1}"
EndProject
Project("{2150E333-8FDC-42A3-9474-1A3956D46DE8}") = "Tests", "Tests", "{6809AEE2-AB5F-4A1A-B453-7A8BA8F3E643}"
EndProject
Project("{9A19103F-16F7-4668-BE54-9A1E7A4F7556}") = "Paddys.SupermarketCheckout.Client", "Paddys.SupermarketCheckout.Client\Paddys.SupermarketCheckout.Client.csproj", "{61504228-4896-4B03-BEEF-20BE17953219}"
EndProject
Project("{FAE04EC0-301F-11D3-BF4B-00C04F79EFBC}") = "Paddys.SupermarketCheckout.Services.Tests", "Paddys.SupermarketCheckout.Services.Tests\Paddys.SupermarketCheckout.Services.Tests.csproj", "{1B2D17A7-5A25-49C6-B508-2C21BA105637}"
EndProject
Global
	GlobalSection(SolutionConfigurationPlatforms) = preSolution
		Debug|Any CPU = Debug|Any CPU
		Release|Any CPU = Release|Any CPU
	EndGlobalSection
	GlobalSection(ProjectConfigurationPlatforms) = postSolution
		{E4FFB40E-B8BC-4575-9679-AE8A19F20EA1}.Debug|Any CPU.ActiveCfg = Debug|Any CPU
		{E4FFB40E-B8BC-4575-9679-AE8A19F20EA1}.Debug|Any CPU.Build.0 = Debug|Any CPU
		{E4FFB40E-B8BC-4575-9679-AE8A19F20EA1}.Release|Any CPU.ActiveCfg = Release|Any CPU
		{E4FFB40E-B8BC-4575-9679-AE8A19F20EA1}.Release|Any CPU.Build.0 = Release|Any CPU
		{61504228-4896-4B03-BEEF-20BE17953219}.Debug|Any CPU.ActiveCfg = Debug|Any CPU
		{61504228-4896-4B03-BEEF-20BE17953219}.Debug|Any CPU.Build.0 = Debug|Any CPU
		{61504228-4896-4B03-BEEF-20BE17953219}.Release|Any CPU.ActiveCfg = Release|Any CPU
		{61504228-4896-4B03-BEEF-20BE17953219}.Release|Any CPU.Build.0 = Release|Any CPU
		{1B2D17A7-5A25-49C6-B508-2C21BA105637}.Debug|Any CPU.ActiveCfg = Debug|Any CPU
		{1B2D17A7-5A25-49C6-B508-2C21BA105637}.Debug|Any CPU.Build.0 = Debug|Any CPU
		{1B2D17A7-5A25-49C6-B508-2C21BA105637}.Release|Any CPU.ActiveCfg = Release|Any CPU
		{1B2D17A7-5A25-49C6-B508-2C21BA105637}.Release|Any CPU.Build.0 = Release|Any CPU
	EndGlobalSection
	GlobalSection(SolutionProperties) = preSolution
		HideSolutionNode = FALSE
	EndGlobalSection
	GlobalSection(NestedProjects) = preSolution
		{1B2D17A7-5A25-49C6-B508-2C21BA105637} = {6809AEE2-AB5F-4A1A-B453-7A8BA8F3E643}
	EndGlobalSection
	GlobalSection(ExtensibilityGlobals) = postSolution
		SolutionGuid = {7394328D-98E1-4525-8770-DF6C01064028}
	EndGlobalSection
EndGlobal
